
Microsoft Visual Studio Solution File, Format Version 12.00
# Visual Studio Version 17
VisualStudioVersion = 17.4.33213.308
MinimumVisualStudioVersion = 10.0.40219.1
Project("{9A19103F-16F7-4668-BE54-9A1E7A4F7556}") = "AirEase-AMS", "AirEase-AMS\AirEase-AMS.csproj", "{AEA6B62C-E50E-424F-BC1F-DE2304D995F6}"
EndProject
Project("{FAE04EC0-301F-11D3-BF4B-00C04F79EFBC}") = "AirEase-AMSTests", "AirEase-AMSTests\AirEase-AMSTests.csproj", "{6D35EBB1-B4BC-465B-A4F8-933FB40C208E}"
EndProject
Global
	GlobalSection(SolutionConfigurationPlatforms) = preSolution
		Debug|Any CPU = Debug|Any CPU
		Release|Any CPU = Release|Any CPU
	EndGlobalSection
	GlobalSection(ProjectConfigurationPlatforms) = postSolution
		{AEA6B62C-E50E-424F-BC1F-DE2304D995F6}.Debug|Any CPU.ActiveCfg = Debug|Any CPU
		{AEA6B62C-E50E-424F-BC1F-DE2304D995F6}.Debug|Any CPU.Build.0 = Debug|Any CPU
		{AEA6B62C-E50E-424F-BC1F-DE2304D995F6}.Release|Any CPU.ActiveCfg = Release|Any CPU
		{AEA6B62C-E50E-424F-BC1F-DE2304D995F6}.Release|Any CPU.Build.0 = Release|Any CPU
		{6D35EBB1-B4BC-465B-A4F8-933FB40C208E}.Debug|Any CPU.ActiveCfg = Debug|Any CPU
		{6D35EBB1-B4BC-465B-A4F8-933FB40C208E}.Debug|Any CPU.Build.0 = Debug|Any CPU
		{6D35EBB1-B4BC-465B-A4F8-933FB40C208E}.Release|Any CPU.ActiveCfg = Release|Any CPU
		{6D35EBB1-B4BC-465B-A4F8-933FB40C208E}.Release|Any CPU.Build.0 = Release|Any CPU
	EndGlobalSection
	GlobalSection(SolutionProperties) = preSolution
		HideSolutionNode = FALSE
	EndGlobalSection
	GlobalSection(ExtensibilityGlobals) = postSolution
		SolutionGuid = {4205C2A2-9968-4162-A975-DC308BF1338C}
	EndGlobalSection
EndGlobal
